
Microsoft Visual Studio Solution File, Format Version 12.00
# Visual Studio Version 17
VisualStudioVersion = 17.8.34309.116
MinimumVisualStudioVersion = 10.0.40219.1
Project("{FAE04EC0-301F-11D3-BF4B-00C04F79EFBC}") = "Server", "Server\Server.csproj", "{4CB46A05-984E-421D-849F-EBEFE158F164}"
EndProject
Project("{FAE04EC0-301F-11D3-BF4B-00C04F79EFBC}") = "Client", "Client\Client.csproj", "{A8DAC132-0DA7-4013-93F2-C09863FA3279}"
EndProject
Project("{FAE04EC0-301F-11D3-BF4B-00C04F79EFBC}") = "BaseLibrary", "BaseLibrary\BaseLibrary.csproj", "{79846EA3-186E-487E-AC15-AC378E305E13}"
EndProject
Project("{FAE04EC0-301F-11D3-BF4B-00C04F79EFBC}") = "ClientLibrary", "ClientLibrary\ClientLibrary.csproj", "{B5716963-0775-4533-9C41-4DACB60D9241}"
EndProject
Project("{FAE04EC0-301F-11D3-BF4B-00C04F79EFBC}") = "ServerLibrary", "ServerLibrary\ServerLibrary.csproj", "{2FDDC9A2-932F-45B9-A1A7-235EA9EE3DAE}"
EndProject
Global
	GlobalSection(SolutionConfigurationPlatforms) = preSolution
		Debug|Any CPU = Debug|Any CPU
		Release|Any CPU = Release|Any CPU
	EndGlobalSection
	GlobalSection(ProjectConfigurationPlatforms) = postSolution
		{4CB46A05-984E-421D-849F-EBEFE158F164}.Debug|Any CPU.ActiveCfg = Debug|Any CPU
		{4CB46A05-984E-421D-849F-EBEFE158F164}.Debug|Any CPU.Build.0 = Debug|Any CPU
		{4CB46A05-984E-421D-849F-EBEFE158F164}.Release|Any CPU.ActiveCfg = Release|Any CPU
		{4CB46A05-984E-421D-849F-EBEFE158F164}.Release|Any CPU.Build.0 = Release|Any CPU
		{A8DAC132-0DA7-4013-93F2-C09863FA3279}.Debug|Any CPU.ActiveCfg = Debug|Any CPU
		{A8DAC132-0DA7-4013-93F2-C09863FA3279}.Debug|Any CPU.Build.0 = Debug|Any CPU
		{A8DAC132-0DA7-4013-93F2-C09863FA3279}.Release|Any CPU.ActiveCfg = Release|Any CPU
		{A8DAC132-0DA7-4013-93F2-C09863FA3279}.Release|Any CPU.Build.0 = Release|Any CPU
		{79846EA3-186E-487E-AC15-AC378E305E13}.Debug|Any CPU.ActiveCfg = Debug|Any CPU
		{79846EA3-186E-487E-AC15-AC378E305E13}.Debug|Any CPU.Build.0 = Debug|Any CPU
		{79846EA3-186E-487E-AC15-AC378E305E13}.Release|Any CPU.ActiveCfg = Release|Any CPU
		{79846EA3-186E-487E-AC15-AC378E305E13}.Release|Any CPU.Build.0 = Release|Any CPU
		{B5716963-0775-4533-9C41-4DACB60D9241}.Debug|Any CPU.ActiveCfg = Debug|Any CPU
		{B5716963-0775-4533-9C41-4DACB60D9241}.Debug|Any CPU.Build.0 = Debug|Any CPU
		{B5716963-0775-4533-9C41-4DACB60D9241}.Release|Any CPU.ActiveCfg = Release|Any CPU
		{B5716963-0775-4533-9C41-4DACB60D9241}.Release|Any CPU.Build.0 = Release|Any CPU
		{2FDDC9A2-932F-45B9-A1A7-235EA9EE3DAE}.Debug|Any CPU.ActiveCfg = Debug|Any CPU
		{2FDDC9A2-932F-45B9-A1A7-235EA9EE3DAE}.Debug|Any CPU.Build.0 = Debug|Any CPU
		{2FDDC9A2-932F-45B9-A1A7-235EA9EE3DAE}.Release|Any CPU.ActiveCfg = Release|Any CPU
		{2FDDC9A2-932F-45B9-A1A7-235EA9EE3DAE}.Release|Any CPU.Build.0 = Release|Any CPU
	EndGlobalSection
	GlobalSection(SolutionProperties) = preSolution
		HideSolutionNode = FALSE
	EndGlobalSection
	GlobalSection(ExtensibilityGlobals) = postSolution
		SolutionGuid = {20E36030-E3EC-4096-8813-6C4EA0CBD8A8}
	EndGlobalSection
EndGlobal
